
Microsoft Visual Studio Solution File, Format Version 12.00
# Visual Studio Version 17
VisualStudioVersion = 17.5.33530.505
MinimumVisualStudioVersion = 10.0.40219.1
Project("{FAE04EC0-301F-11D3-BF4B-00C04F79EFBC}") = "PizzaApi", "PizzaApi\PizzaApi.csproj", "{2F841C4D-6F43-4B67-AAC7-1FC2DB8E26B9}"
EndProject
Global
	GlobalSection(SolutionConfigurationPlatforms) = preSolution
		Debug|Any CPU = Debug|Any CPU
		Release|Any CPU = Release|Any CPU
	EndGlobalSection
	GlobalSection(ProjectConfigurationPlatforms) = postSolution
		{2F841C4D-6F43-4B67-AAC7-1FC2DB8E26B9}.Debug|Any CPU.ActiveCfg = Debug|Any CPU
		{2F841C4D-6F43-4B67-AAC7-1FC2DB8E26B9}.Debug|Any CPU.Build.0 = Debug|Any CPU
		{2F841C4D-6F43-4B67-AAC7-1FC2DB8E26B9}.Release|Any CPU.ActiveCfg = Release|Any CPU
		{2F841C4D-6F43-4B67-AAC7-1FC2DB8E26B9}.Release|Any CPU.Build.0 = Release|Any CPU
	EndGlobalSection
	GlobalSection(SolutionProperties) = preSolution
		HideSolutionNode = FALSE
	EndGlobalSection
	GlobalSection(ExtensibilityGlobals) = postSolution
		SolutionGuid = {116C3CAD-1D7C-4DF3-990F-32E87E506C29}
	EndGlobalSection
EndGlobal
